
Microsoft Visual Studio Solution File, Format Version 12.00
# Visual Studio Version 17
VisualStudioVersion = 17.14.36414.22 d17.14
MinimumVisualStudioVersion = 10.0.40219.1
Project("{FAE04EC0-301F-11D3-BF4B-00C04F79EFBC}") = "ZelisTrainingLibrary", "ZelisTrainingLibrary\ZelisTrainingLibrary.csproj", "{9AF5A84B-1D39-4ECE-A173-FD669A9B4680}"
EndProject
Global
	GlobalSection(SolutionConfigurationPlatforms) = preSolution
		Debug|Any CPU = Debug|Any CPU
		Release|Any CPU = Release|Any CPU
	EndGlobalSection
	GlobalSection(ProjectConfigurationPlatforms) = postSolution
		{9AF5A84B-1D39-4ECE-A173-FD669A9B4680}.Debug|Any CPU.ActiveCfg = Debug|Any CPU
		{9AF5A84B-1D39-4ECE-A173-FD669A9B4680}.Debug|Any CPU.Build.0 = Debug|Any CPU
		{9AF5A84B-1D39-4ECE-A173-FD669A9B4680}.Release|Any CPU.ActiveCfg = Release|Any CPU
		{9AF5A84B-1D39-4ECE-A173-FD669A9B4680}.Release|Any CPU.Build.0 = Release|Any CPU
	EndGlobalSection
	GlobalSection(SolutionProperties) = preSolution
		HideSolutionNode = FALSE
	EndGlobalSection
	GlobalSection(ExtensibilityGlobals) = postSolution
		SolutionGuid = {3D1C0B3E-B1A0-4B44-B2B3-FA37DF58F81F}
	EndGlobalSection
EndGlobal
